{
  "object": {
    "pins": [
      {
        "package": "SystemService",
        "repositoryURL": "https://github.com/zaber-textnow/SystemService.git",
        "state": {
          "branch": "main",
          "revision": "c5f0ec25e6555f26793e6899ec02dd8b0193e69f",
          "version": null
        }
      }
    ]
  },
  "version": 1
}
